{
  "originHash" : "95755beb3185c87b9d87ab36a12571768201613e7aea3bb2fbc1fa63c76b2ec2",
  "pins" : [
    {
      "identity" : "calendarview",
      "kind" : "remoteSourceControl",
      "location" : "https://github.com/Mijick/CalendarView.git",
      "state" : {
        "branch" : "main",
        "revision" : "6730960ae4921a2ad1b9e76505f9c36e27ba9946"
      }
    }
  ],
  "version" : 3
}
